// !$*UTF8*$!
{
	archiveVersion = 1;
	classes = {
	};
	objectVersion = 46;
	objects = {

/* Begin PBXBuildFile section */
		C26C991F1D12CCB100B2AB77 /* ViewController.xib in Resources */ = {isa = PBXBuildFile; fileRef = C26C991E1D12CCB100B2AB77 /* ViewController.xib */; };
		C2C7D5BF1D0EBE160036CD05 /* AppDelegate.swift in Sources */ = {isa = PBXBuildFile; fileRef = C2C7D5BE1D0EBE160036CD05 /* AppDelegate.swift */; };
		C2C7D5C11D0EBE160036CD05 /* ViewController.swift in Sources */ = {isa = PBXBuildFile; fileRef = C2C7D5C01D0EBE160036CD05 /* ViewController.swift */; };
		C2C7D5C61D0EBE160036CD05 /* Assets.xcassets in Resources */ = {isa = PBXBuildFile; fileRef = C2C7D5C51D0EBE160036CD05 /* Assets.xcassets */; };
		C2C7D5C91D0EBE160036CD05 /* LaunchScreen.storyboard in Resources */ = {isa = PBXBuildFile; fileRef = C2C7D5C71D0EBE160036CD05 /* LaunchScreen.storyboard */; };
		C2C7D5D11D0EBE7B0036CD05 /* SMPageControl.swift in Sources */ = {isa = PBXBuildFile; fileRef = C2C7D5D01D0EBE7B0036CD05 /* SMPageControl.swift */; };
/* End PBXBuildFile section */

/* Begin PBXFileReference section */
		C26C991E1D12CCB100B2AB77 /* ViewController.xib */ = {isa = PBXFileReference; fileEncoding = 4; lastKnownFileType = file.xib; path = ViewController.xib; sourceTree = "<group>"; };
		C2C7D5BB1D0EBE160036CD05 /* SMPageControl-swift.app */ = {isa = PBXFileReference; explicitFileType = wrapper.application; includeInIndex = 0; path = "SMPageControl-swift.app"; sourceTree = BUILT_PRODUCTS_DIR; };
		C2C7D5BE1D0EBE160036CD05 /* AppDelegate.swift */ = {isa = PBXFileReference; lastKnownFileType = sourcecode.swift; path = AppDelegate.swift; sourceTree = "<group>"; };
		C2C7D5C01D0EBE160036CD05 /* ViewController.swift */ = {isa = PBXFileReference; lastKnownFileType = sourcecode.swift; path = ViewController.swift; sourceTree = "<group>"; };
		C2C7D5C51D0EBE160036CD05 /* Assets.xcassets */ = {isa = PBXFileReference; lastKnownFileType = folder.assetcatalog; path = Assets.xcassets; sourceTree = "<group>"; };
		C2C7D5C81D0EBE160036CD05 /* Base */ = {isa = PBXFileReference; lastKnownFileType = file.storyboard; name = Base; path = Base.lproj/LaunchScreen.storyboard; sourceTree = "<group>"; };
		C2C7D5CA1D0EBE160036CD05 /* Info.plist */ = {isa = PBXFileReference; lastKnownFileType = text.plist.xml; path = Info.plist; sourceTree = "<group>"; };
		C2C7D5D01D0EBE7B0036CD05 /* SMPageControl.swift */ = {isa = PBXFileReference; fileEncoding = 4; lastKnownFileType = sourcecode.swift; path = SMPageControl.swift; sourceTree = "<group>"; };
/* End PBXFileReference section */

/* Begin PBXFrameworksBuildPhase section */
		C2C7D5B81D0EBE160036CD05 /* Frameworks */ = {
			isa = PBXFrameworksBuildPhase;
			buildActionMask = 2147483647;
			files = (
			);
			runOnlyForDeploymentPostprocessing = 0;
		};
/* End PBXFrameworksBuildPhase section */

/* Begin PBXGroup section */
		C2C7D5B21D0EBE150036CD05 = {
			isa = PBXGroup;
			children = (
				C2C7D5BD1D0EBE160036CD05 /* SMPageControl-swift */,
				C2C7D5BC1D0EBE160036CD05 /* Products */,
			);
			sourceTree = "<group>";
		};
		C2C7D5BC1D0EBE160036CD05 /* Products */ = {
			isa = PBXGroup;
			children = (
				C2C7D5BB1D0EBE160036CD05 /* SMPageControl-swift.app */,
			);
			name = Products;
			sourceTree = "<group>";
		};
		C2C7D5BD1D0EBE160036CD05 /* SMPageControl-swift */ = {
			isa = PBXGroup;
			children = (
				C2C7D5BE1D0EBE160036CD05 /* AppDelegate.swift */,
				C2C7D5C01D0EBE160036CD05 /* ViewController.swift */,
				C2C7D5C51D0EBE160036CD05 /* Assets.xcassets */,
				C2C7D5C71D0EBE160036CD05 /* LaunchScreen.storyboard */,
				C2C7D5CA1D0EBE160036CD05 /* Info.plist */,
				C2C7D5D01D0EBE7B0036CD05 /* SMPageControl.swift */,
				C26C991E1D12CCB100B2AB77 /* ViewController.xib */,
			);
			path = "SMPageControl-swift";
			sourceTree = "<group>";
		};
/* End PBXGroup section */

/* Begin PBXNativeTarget section */
		C2C7D5BA1D0EBE160036CD05 /* SMPageControl-swift */ = {
			isa = PBXNativeTarget;
			buildConfigurationList = C2C7D5CD1D0EBE160036CD05 /* Build configuration list for PBXNativeTarget "SMPageControl-swift" */;
			buildPhases = (
				C2C7D5B71D0EBE160036CD05 /* Sources */,
				C2C7D5B81D0EBE160036CD05 /* Frameworks */,
				C2C7D5B91D0EBE160036CD05 /* Resources */,
			);
			buildRules = (
			);
			dependencies = (
			);
			name = "SMPageControl-swift";
			productName = "SMPageControl-swift";
			productReference = C2C7D5BB1D0EBE160036CD05 /* SMPageControl-swift.app */;
			productType = "com.apple.product-type.application";
		};
/* End PBXNativeTarget section */

/* Begin PBXProject section */
		C2C7D5B31D0EBE150036CD05 /* Project object */ = {
			isa = PBXProject;
			attributes = {
				LastSwiftUpdateCheck = 0730;
				LastUpgradeCheck = 0730;
				ORGANIZATIONNAME = "issam khalloufi";
				TargetAttributes = {
					C2C7D5BA1D0EBE160036CD05 = {
						CreatedOnToolsVersion = 7.3.1;
					};
				};
			};
			buildConfigurationList = C2C7D5B61D0EBE150036CD05 /* Build configuration list for PBXProject "SMPageControl-swift" */;
			compatibilityVersion = "Xcode 3.2";
			developmentRegion = English;
			hasScannedForEncodings = 0;
			knownRegions = (
				en,
				Base,
			);
			mainGroup = C2C7D5B21D0EBE150036CD05;
			productRefGroup = C2C7D5BC1D0EBE160036CD05 /* Products */;
			projectDirPath = "";
			projectRoot = "";
			targets = (
				C2C7D5BA1D0EBE160036CD05 /* SMPageControl-swift */,
			);
		};
/* End PBXProject section */

/* Begin PBXResourcesBuildPhase section */
		C2C7D5B91D0EBE160036CD05 /* Resources */ = {
			isa = PBXResourcesBuildPhase;
			buildActionMask = 2147483647;
			files = (
				C2C7D5C91D0EBE160036CD05 /* LaunchScreen.storyboard in Resources */,
				C2C7D5C61D0EBE160036CD05 /* Assets.xcassets in Resources */,
				C26C991F1D12CCB100B2AB77 /* ViewController.xib in Resources */,
			);
			runOnlyForDeploymentPostprocessing = 0;
		};
/* End PBXResourcesBuildPhase section */

/* Begin PBXSourcesBuildPhase section */
		C2C7D5B71D0EBE160036CD05 /* Sources */ = {
			isa = PBXSourcesBuildPhase;
			buildActionMask = 2147483647;
			files = (
				C2C7D5C11D0EBE160036CD05 /* ViewController.swift in Sources */,
				C2C7D5D11D0EBE7B0036CD05 /* SMPageControl.swift in Sources */,
				C2C7D5BF1D0EBE160036CD05 /* AppDelegate.swift in Sources */,
			);
			runOnlyForDeploymentPostprocessing = 0;
		};
/* End PBXSourcesBuildPhase section */

/* Begin PBXVariantGroup section */
		C2C7D5C71D0EBE160036CD05 /* LaunchScreen.storyboard */ = {
			isa = PBXVariantGroup;
			children = (
				C2C7D5C81D0EBE160036CD05 /* Base */,
			);
			name = LaunchScreen.storyboard;
			sourceTree = "<group>";
		};
/* End PBXVariantGroup section */

/* Begin XCBuildConfiguration section */
		C2C7D5CB1D0EBE160036CD05 /* Debug */ = {
			isa = XCBuildConfiguration;
			buildSettings = {
				ALWAYS_SEARCH_USER_PATHS = NO;
				CLANG_ANALYZER_NONNULL = YES;
				CLANG_CXX_LANGUAGE_STANDARD = "gnu++0x";
				CLANG_CXX_LIBRARY = "libc++";
				CLANG_ENABLE_MODULES = YES;
				CLANG_ENABLE_OBJC_ARC = YES;
				CLANG_WARN_BOOL_CONVERSION = YES;
				CLANG_WARN_CONSTANT_CONVERSION = YES;
				CLANG_WARN_DIRECT_OBJC_ISA_USAGE = YES_ERROR;
				CLANG_WARN_EMPTY_BODY = YES;
				CLANG_WARN_ENUM_CONVERSION = YES;
				CLANG_WARN_INT_CONVERSION = YES;
				CLANG_WARN_OBJC_ROOT_CLASS = YES_ERROR;
				CLANG_WARN_UNREACHABLE_CODE = YES;
				CLANG_WARN__DUPLICATE_METHOD_MATCH = YES;
				"CODE_SIGN_IDENTITY[sdk=iphoneos*]" = "iPhone Developer";
				COPY_PHASE_STRIP = NO;
				DEBUG_INFORMATION_FORMAT = dwarf;
				ENABLE_STRICT_OBJC_MSGSEND = YES;
				ENABLE_TESTABILITY = YES;
				GCC_C_LANGUAGE_STANDARD = gnu99;
				GCC_DYNAMIC_NO_PIC = NO;
				GCC_NO_COMMON_BLOCKS = YES;
				GCC_OPTIMIZATION_LEVEL = 0;
				GCC_PREPROCESSOR_DEFINITIONS = (
					"DEBUG=1",
					"$(inherited)",
				);
				GCC_WARN_64_TO_32_BIT_CONVERSION = YES;
				GCC_WARN_ABOUT_RETURN_TYPE = YES_ERROR;
				GCC_WARN_UNDECLARED_SELECTOR = YES;
				GCC_WARN_UNINITIALIZED_AUTOS = YES_AGGRESSIVE;
				GCC_WARN_UNUSED_FUNCTION = YES;
				GCC_WARN_UNUSED_VARIABLE = YES;
				IPHONEOS_DEPLOYMENT_TARGET = 9.3;
				MTL_ENABLE_DEBUG_INFO = YES;
				ONLY_ACTIVE_ARCH = YES;
				SDKROOT = iphoneos;
				SWIFT_OPTIMIZATION_LEVEL = "-Onone";
				TARGETED_DEVICE_FAMILY = "1,2";
			};
			name = Debug;
		};
		C2C7D5CC1D0EBE160036CD05 /* Release */ = {
			isa = XCBuildConfiguration;
			buildSettings = {
				ALWAYS_SEARCH_USER_PATHS = NO;
				CLANG_ANALYZER_NONNULL = YES;
				CLANG_CXX_LANGUAGE_STANDARD = "gnu++0x";
				CLANG_CXX_LIBRARY = "libc++";
				CLANG_ENABLE_MODULES = YES;
				CLANG_ENABLE_OBJC_ARC = YES;
				CLANG_WARN_BOOL_CONVERSION = YES;
				CLANG_WARN_CONSTANT_CONVERSION = YES;
				CLANG_WARN_DIRECT_OBJC_ISA_USAGE = YES_ERROR;
				CLANG_WARN_EMPTY_BODY = YES;
				CLANG_WARN_ENUM_CONVERSION = YES;
				CLANG_WARN_INT_CONVERSION = YES;
				CLANG_WARN_OBJC_ROOT_CLASS = YES_ERROR;
				CLANG_WARN_UNREACHABLE_CODE = YES;
				CLANG_WARN__DUPLICATE_METHOD_MATCH = YES;
				"CODE_SIGN_IDENTITY[sdk=iphoneos*]" = "iPhone Developer";
				COPY_PHASE_STRIP = NO;
				DEBUG_INFORMATION_FORMAT = "dwarf-with-dsym";
				ENABLE_NS_ASSERTIONS = NO;
				ENABLE_STRICT_OBJC_MSGSEND = YES;
				GCC_C_LANGUAGE_STANDARD = gnu99;
				GCC_NO_COMMON_BLOCKS = YES;
				GCC_WARN_64_TO_32_BIT_CONVERSION = YES;
				GCC_WARN_ABOUT_RETURN_TYPE = YES_ERROR;
				GCC_WARN_UNDECLARED_SELECTOR = YES;
				GCC_WARN_UNINITIALIZED_AUTOS = YES_AGGRESSIVE;
				GCC_WARN_UNUSED_FUNCTION = YES;
				GCC_WARN_UNUSED_VARIABLE = YES;
				IPHONEOS_DEPLOYMENT_TARGET = 9.3;
				MTL_ENABLE_DEBUG_INFO = NO;
				SDKROOT = iphoneos;
				TARGETED_DEVICE_FAMILY = "1,2";
				VALIDATE_PRODUCT = YES;
			};
			name = Release;
		};
		C2C7D5CE1D0EBE160036CD05 /* Debug */ = {
			isa = XCBuildConfiguration;
			buildSettings = {
				ASSETCATALOG_COMPILER_APPICON_NAME = AppIcon;
				INFOPLIST_FILE = "SMPageControl-swift/Info.plist";
				IPHONEOS_DEPLOYMENT_TARGET = 8.0;
				LD_RUNPATH_SEARCH_PATHS = "$(inherited) @executable_path/Frameworks";
				PRODUCT_BUNDLE_IDENTIFIER = ma.code;
				PRODUCT_NAME = "$(TARGET_NAME)";
			};
			name = Debug;
		};
		C2C7D5CF1D0EBE160036CD05 /* Release */ = {
			isa = XCBuildConfiguration;
			buildSettings = {
				ASSETCATALOG_COMPILER_APPICON_NAME = AppIcon;
				INFOPLIST_FILE = "SMPageControl-swift/Info.plist";
				IPHONEOS_DEPLOYMENT_TARGET = 8.0;
				LD_RUNPATH_SEARCH_PATHS = "$(inherited) @executable_path/Frameworks";
				PRODUCT_BUNDLE_IDENTIFIER = ma.code;
				PRODUCT_NAME = "$(TARGET_NAME)";
			};
			name = Release;
		};
/* End XCBuildConfiguration section */

/* Begin XCConfigurationList section */
		C2C7D5B61D0EBE150036CD05 /* Build configuration list for PBXProject "SMPageControl-swift" */ = {
			isa = XCConfigurationList;
			buildConfigurations = (
				C2C7D5CB1D0EBE160036CD05 /* Debug */,
				C2C7D5CC1D0EBE160036CD05 /* Release */,
			);
			defaultConfigurationIsVisible = 0;
			defaultConfigurationName = Release;
		};
		C2C7D5CD1D0EBE160036CD05 /* Build configuration list for PBXNativeTarget "SMPageControl-swift" */ = {
			isa = XCConfigurationList;
			buildConfigurations = (
				C2C7D5CE1D0EBE160036CD05 /* Debug */,
				C2C7D5CF1D0EBE160036CD05 /* Release */,
			);
			defaultConfigurationIsVisible = 0;
			defaultConfigurationName = Release;
		};
/* End XCConfigurationList section */
	};
	rootObject = C2C7D5B31D0EBE150036CD05 /* Project object */;
}
